
Microsoft Visual Studio Solution File, Format Version 12.00
# Visual Studio Version 16
VisualStudioVersion = 16.0.32002.261
MinimumVisualStudioVersion = 10.0.40219.1
Project("{2150E333-8FDC-42A3-9474-1A3956D46DE8}") = "Tests", "Tests", "{5B03C1E3-29F3-4FFE-BB35-D30BA6068CAB}"
EndProject
Project("{FAE04EC0-301F-11D3-BF4B-00C04F79EFBC}") = "AutomationTools.DocumentationTool.Tests", "AutomationTools.DocumentationTool.Tests\AutomationTools.DocumentationTool.Tests.csproj", "{B9D2B3A5-F625-46C9-AB29-2D944626C9DB}"
EndProject
Global
	GlobalSection(SolutionConfigurationPlatforms) = preSolution
		Debug|Any CPU = Debug|Any CPU
		Release|Any CPU = Release|Any CPU
	EndGlobalSection
	GlobalSection(ProjectConfigurationPlatforms) = postSolution
		{B9D2B3A5-F625-46C9-AB29-2D944626C9DB}.Debug|Any CPU.ActiveCfg = Debug|Any CPU
		{B9D2B3A5-F625-46C9-AB29-2D944626C9DB}.Debug|Any CPU.Build.0 = Debug|Any CPU
		{B9D2B3A5-F625-46C9-AB29-2D944626C9DB}.Release|Any CPU.ActiveCfg = Release|Any CPU
		{B9D2B3A5-F625-46C9-AB29-2D944626C9DB}.Release|Any CPU.Build.0 = Release|Any CPU
	EndGlobalSection
	GlobalSection(SolutionProperties) = preSolution
		HideSolutionNode = FALSE
	EndGlobalSection
	GlobalSection(NestedProjects) = preSolution
		{B9D2B3A5-F625-46C9-AB29-2D944626C9DB} = {5B03C1E3-29F3-4FFE-BB35-D30BA6068CAB}
	EndGlobalSection
	GlobalSection(ExtensibilityGlobals) = postSolution
		SolutionGuid = {1082928F-5B84-40D2-8581-291E8FEF5F11}
	EndGlobalSection
EndGlobal
